
Microsoft Visual Studio Solution File, Format Version 12.00
# Visual Studio Version 17
VisualStudioVersion = 17.9.34902.65
MinimumVisualStudioVersion = 10.0.40219.1
Project("{9A19103F-16F7-4668-BE54-9A1E7A4F7556}") = "API", "src\API\API.csproj", "{648EF86C-02A6-468A-AE15-3D90E85017CD}"
EndProject
Project("{2150E333-8FDC-42A3-9474-1A3956D46DE8}") = "Presentation", "Presentation", "{E2E1AC52-ECC1-4F60-850D-A65B29E58CFB}"
EndProject
Project("{2150E333-8FDC-42A3-9474-1A3956D46DE8}") = "Infra", "Infra", "{D216F4CB-F773-4CB0-8020-382F4E56AFC9}"
EndProject
Project("{9A19103F-16F7-4668-BE54-9A1E7A4F7556}") = "Infra", "src\Infra\Infra.csproj", "{93E26653-71E7-4CD3-9EDD-A46ED0DEB367}"
EndProject
Project("{2150E333-8FDC-42A3-9474-1A3956D46DE8}") = "Core", "Core", "{B49B39EC-407C-4F22-9034-10B6B323C504}"
EndProject
Project("{9A19103F-16F7-4668-BE54-9A1E7A4F7556}") = "Application", "src\Application\Application.csproj", "{4586E702-8881-4C34-A993-2C5008604FB7}"
EndProject
Project("{9A19103F-16F7-4668-BE54-9A1E7A4F7556}") = "Domain", "src\Domain\Domain.csproj", "{36C55E36-5DAE-46AC-BAA4-57B64D6AED11}"
EndProject
Project("{2150E333-8FDC-42A3-9474-1A3956D46DE8}") = "Application", "Application", "{2C5F07D1-2787-4ED4-BD81-EFDEE4CE4F2E}"
EndProject
Global
	GlobalSection(SolutionConfigurationPlatforms) = preSolution
		Debug|Any CPU = Debug|Any CPU
		Release|Any CPU = Release|Any CPU
	EndGlobalSection
	GlobalSection(ProjectConfigurationPlatforms) = postSolution
		{648EF86C-02A6-468A-AE15-3D90E85017CD}.Debug|Any CPU.ActiveCfg = Debug|Any CPU
		{648EF86C-02A6-468A-AE15-3D90E85017CD}.Debug|Any CPU.Build.0 = Debug|Any CPU
		{648EF86C-02A6-468A-AE15-3D90E85017CD}.Release|Any CPU.ActiveCfg = Release|Any CPU
		{648EF86C-02A6-468A-AE15-3D90E85017CD}.Release|Any CPU.Build.0 = Release|Any CPU
		{93E26653-71E7-4CD3-9EDD-A46ED0DEB367}.Debug|Any CPU.ActiveCfg = Debug|Any CPU
		{93E26653-71E7-4CD3-9EDD-A46ED0DEB367}.Debug|Any CPU.Build.0 = Debug|Any CPU
		{93E26653-71E7-4CD3-9EDD-A46ED0DEB367}.Release|Any CPU.ActiveCfg = Release|Any CPU
		{93E26653-71E7-4CD3-9EDD-A46ED0DEB367}.Release|Any CPU.Build.0 = Release|Any CPU
		{4586E702-8881-4C34-A993-2C5008604FB7}.Debug|Any CPU.ActiveCfg = Debug|Any CPU
		{4586E702-8881-4C34-A993-2C5008604FB7}.Debug|Any CPU.Build.0 = Debug|Any CPU
		{4586E702-8881-4C34-A993-2C5008604FB7}.Release|Any CPU.ActiveCfg = Release|Any CPU
		{4586E702-8881-4C34-A993-2C5008604FB7}.Release|Any CPU.Build.0 = Release|Any CPU
		{36C55E36-5DAE-46AC-BAA4-57B64D6AED11}.Debug|Any CPU.ActiveCfg = Debug|Any CPU
		{36C55E36-5DAE-46AC-BAA4-57B64D6AED11}.Debug|Any CPU.Build.0 = Debug|Any CPU
		{36C55E36-5DAE-46AC-BAA4-57B64D6AED11}.Release|Any CPU.ActiveCfg = Release|Any CPU
		{36C55E36-5DAE-46AC-BAA4-57B64D6AED11}.Release|Any CPU.Build.0 = Release|Any CPU
	EndGlobalSection
	GlobalSection(SolutionProperties) = preSolution
		HideSolutionNode = FALSE
	EndGlobalSection
	GlobalSection(NestedProjects) = preSolution
		{648EF86C-02A6-468A-AE15-3D90E85017CD} = {E2E1AC52-ECC1-4F60-850D-A65B29E58CFB}
		{93E26653-71E7-4CD3-9EDD-A46ED0DEB367} = {D216F4CB-F773-4CB0-8020-382F4E56AFC9}
		{4586E702-8881-4C34-A993-2C5008604FB7} = {2C5F07D1-2787-4ED4-BD81-EFDEE4CE4F2E}
		{36C55E36-5DAE-46AC-BAA4-57B64D6AED11} = {B49B39EC-407C-4F22-9034-10B6B323C504}
	EndGlobalSection
	GlobalSection(ExtensibilityGlobals) = postSolution
		SolutionGuid = {2D5FA133-4146-4331-8A8B-93A7238E89E7}
	EndGlobalSection
EndGlobal
